// !$*UTF8*$!
{
	archiveVersion = 1;
	classes = {
	};
	objectVersion = 50;
	objects = {

/* Begin PBXBuildFile section */
		2D443A9D22DDDBAC00D2F763 /* AppDelegate.swift in Sources */ = {isa = PBXBuildFile; fileRef = 2D443A9C22DDDBAC00D2F763 /* AppDelegate.swift */; };
		2D443A9F22DDDBAC00D2F763 /* SceneDelegate.swift in Sources */ = {isa = PBXBuildFile; fileRef = 2D443A9E22DDDBAC00D2F763 /* SceneDelegate.swift */; };
		2D443AA122DDDBAC00D2F763 /* ViewController.swift in Sources */ = {isa = PBXBuildFile; fileRef = 2D443AA022DDDBAC00D2F763 /* ViewController.swift */; };
		2D443AA422DDDBAC00D2F763 /* Main.storyboard in Resources */ = {isa = PBXBuildFile; fileRef = 2D443AA222DDDBAC00D2F763 /* Main.storyboard */; };
		2D443AA622DDDBAF00D2F763 /* Assets.xcassets in Resources */ = {isa = PBXBuildFile; fileRef = 2D443AA522DDDBAF00D2F763 /* Assets.xcassets */; };
		2D443AA922DDDBAF00D2F763 /* LaunchScreen.storyboard in Resources */ = {isa = PBXBuildFile; fileRef = 2D443AA722DDDBAF00D2F763 /* LaunchScreen.storyboard */; };
		2D443AB122DDDD4700D2F763 /* SwiftUIView.swift in Sources */ = {isa = PBXBuildFile; fileRef = 2D443AB022DDDD4700D2F763 /* SwiftUIView.swift */; };
/* End PBXBuildFile section */

/* Begin PBXFileReference section */
		2D443A9922DDDBAC00D2F763 /* SwiftUiIntegrationSample1.app */ = {isa = PBXFileReference; explicitFileType = wrapper.application; includeInIndex = 0; path = SwiftUiIntegrationSample1.app; sourceTree = BUILT_PRODUCTS_DIR; };
		2D443A9C22DDDBAC00D2F763 /* AppDelegate.swift */ = {isa = PBXFileReference; lastKnownFileType = sourcecode.swift; path = AppDelegate.swift; sourceTree = "<group>"; };
		2D443A9E22DDDBAC00D2F763 /* SceneDelegate.swift */ = {isa = PBXFileReference; lastKnownFileType = sourcecode.swift; path = SceneDelegate.swift; sourceTree = "<group>"; };
		2D443AA022DDDBAC00D2F763 /* ViewController.swift */ = {isa = PBXFileReference; lastKnownFileType = sourcecode.swift; path = ViewController.swift; sourceTree = "<group>"; };
		2D443AA322DDDBAC00D2F763 /* Base */ = {isa = PBXFileReference; lastKnownFileType = file.storyboard; name = Base; path = Base.lproj/Main.storyboard; sourceTree = "<group>"; };
		2D443AA522DDDBAF00D2F763 /* Assets.xcassets */ = {isa = PBXFileReference; lastKnownFileType = folder.assetcatalog; path = Assets.xcassets; sourceTree = "<group>"; };
		2D443AA822DDDBAF00D2F763 /* Base */ = {isa = PBXFileReference; lastKnownFileType = file.storyboard; name = Base; path = Base.lproj/LaunchScreen.storyboard; sourceTree = "<group>"; };
		2D443AAA22DDDBAF00D2F763 /* Info.plist */ = {isa = PBXFileReference; lastKnownFileType = text.plist.xml; path = Info.plist; sourceTree = "<group>"; };
		2D443AB022DDDD4700D2F763 /* SwiftUIView.swift */ = {isa = PBXFileReference; lastKnownFileType = sourcecode.swift; path = SwiftUIView.swift; sourceTree = "<group>"; };
/* End PBXFileReference section */

/* Begin PBXFrameworksBuildPhase section */
		2D443A9622DDDBAC00D2F763 /* Frameworks */ = {
			isa = PBXFrameworksBuildPhase;
			buildActionMask = 2147483647;
			files = (
			);
			runOnlyForDeploymentPostprocessing = 0;
		};
/* End PBXFrameworksBuildPhase section */

/* Begin PBXGroup section */
		2D443A9022DDDBAC00D2F763 = {
			isa = PBXGroup;
			children = (
				2D443A9B22DDDBAC00D2F763 /* SwiftUiIntegrationSample1 */,
				2D443A9A22DDDBAC00D2F763 /* Products */,
			);
			sourceTree = "<group>";
		};
		2D443A9A22DDDBAC00D2F763 /* Products */ = {
			isa = PBXGroup;
			children = (
				2D443A9922DDDBAC00D2F763 /* SwiftUiIntegrationSample1.app */,
			);
			name = Products;
			sourceTree = "<group>";
		};
		2D443A9B22DDDBAC00D2F763 /* SwiftUiIntegrationSample1 */ = {
			isa = PBXGroup;
			children = (
				2D443A9C22DDDBAC00D2F763 /* AppDelegate.swift */,
				2D443A9E22DDDBAC00D2F763 /* SceneDelegate.swift */,
				2D443AA022DDDBAC00D2F763 /* ViewController.swift */,
				2D443AB022DDDD4700D2F763 /* SwiftUIView.swift */,
				2D443AA222DDDBAC00D2F763 /* Main.storyboard */,
				2D443AA522DDDBAF00D2F763 /* Assets.xcassets */,
				2D443AA722DDDBAF00D2F763 /* LaunchScreen.storyboard */,
				2D443AAA22DDDBAF00D2F763 /* Info.plist */,
			);
			path = SwiftUiIntegrationSample1;
			sourceTree = "<group>";
		};
/* End PBXGroup section */

/* Begin PBXNativeTarget section */
		2D443A9822DDDBAC00D2F763 /* SwiftUiIntegrationSample1 */ = {
			isa = PBXNativeTarget;
			buildConfigurationList = 2D443AAD22DDDBAF00D2F763 /* Build configuration list for PBXNativeTarget "SwiftUiIntegrationSample1" */;
			buildPhases = (
				2D443A9522DDDBAC00D2F763 /* Sources */,
				2D443A9622DDDBAC00D2F763 /* Frameworks */,
				2D443A9722DDDBAC00D2F763 /* Resources */,
			);
			buildRules = (
			);
			dependencies = (
			);
			name = SwiftUiIntegrationSample1;
			productName = SwiftUiIntegrationSample1;
			productReference = 2D443A9922DDDBAC00D2F763 /* SwiftUiIntegrationSample1.app */;
			productType = "com.apple.product-type.application";
		};
/* End PBXNativeTarget section */

/* Begin PBXProject section */
		2D443A9122DDDBAC00D2F763 /* Project object */ = {
			isa = PBXProject;
			attributes = {
				LastSwiftUpdateCheck = 1100;
				LastUpgradeCheck = 1100;
				ORGANIZATIONNAME = Ranjeet;
				TargetAttributes = {
					2D443A9822DDDBAC00D2F763 = {
						CreatedOnToolsVersion = 11.0;
					};
				};
			};
			buildConfigurationList = 2D443A9422DDDBAC00D2F763 /* Build configuration list for PBXProject "SwiftUiIntegrationSample1" */;
			compatibilityVersion = "Xcode 9.3";
			developmentRegion = en;
			hasScannedForEncodings = 0;
			knownRegions = (
				en,
				Base,
			);
			mainGroup = 2D443A9022DDDBAC00D2F763;
			productRefGroup = 2D443A9A22DDDBAC00D2F763 /* Products */;
			projectDirPath = "";
			projectRoot = "";
			targets = (
				2D443A9822DDDBAC00D2F763 /* SwiftUiIntegrationSample1 */,
			);
		};
/* End PBXProject section */

/* Begin PBXResourcesBuildPhase section */
		2D443A9722DDDBAC00D2F763 /* Resources */ = {
			isa = PBXResourcesBuildPhase;
			buildActionMask = 2147483647;
			files = (
				2D443AA922DDDBAF00D2F763 /* LaunchScreen.storyboard in Resources */,
				2D443AA622DDDBAF00D2F763 /* Assets.xcassets in Resources */,
				2D443AA422DDDBAC00D2F763 /* Main.storyboard in Resources */,
			);
			runOnlyForDeploymentPostprocessing = 0;
		};
/* End PBXResourcesBuildPhase section */

/* Begin PBXSourcesBuildPhase section */
		2D443A9522DDDBAC00D2F763 /* Sources */ = {
			isa = PBXSourcesBuildPhase;
			buildActionMask = 2147483647;
			files = (
				2D443AA122DDDBAC00D2F763 /* ViewController.swift in Sources */,
				2D443A9D22DDDBAC00D2F763 /* AppDelegate.swift in Sources */,
				2D443AB122DDDD4700D2F763 /* SwiftUIView.swift in Sources */,
				2D443A9F22DDDBAC00D2F763 /* SceneDelegate.swift in Sources */,
			);
			runOnlyForDeploymentPostprocessing = 0;
		};
/* End PBXSourcesBuildPhase section */

/* Begin PBXVariantGroup section */
		2D443AA222DDDBAC00D2F763 /* Main.storyboard */ = {
			isa = PBXVariantGroup;
			children = (
				2D443AA322DDDBAC00D2F763 /* Base */,
			);
			name = Main.storyboard;
			sourceTree = "<group>";
		};
		2D443AA722DDDBAF00D2F763 /* LaunchScreen.storyboard */ = {
			isa = PBXVariantGroup;
			children = (
				2D443AA822DDDBAF00D2F763 /* Base */,
			);
			name = LaunchScreen.storyboard;
			sourceTree = "<group>";
		};
/* End PBXVariantGroup section */

/* Begin XCBuildConfiguration section */
		2D443AAB22DDDBAF00D2F763 /* Debug */ = {
			isa = XCBuildConfiguration;
			buildSettings = {
				ALWAYS_SEARCH_USER_PATHS = NO;
				CLANG_ANALYZER_NONNULL = YES;
				CLANG_ANALYZER_NUMBER_OBJECT_CONVERSION = YES_AGGRESSIVE;
				CLANG_CXX_LANGUAGE_STANDARD = "gnu++14";
				CLANG_CXX_LIBRARY = "libc++";
				CLANG_ENABLE_MODULES = YES;
				CLANG_ENABLE_OBJC_ARC = YES;
				CLANG_ENABLE_OBJC_WEAK = YES;
				CLANG_WARN_BLOCK_CAPTURE_AUTORELEASING = YES;
				CLANG_WARN_BOOL_CONVERSION = YES;
				CLANG_WARN_COMMA = YES;
				CLANG_WARN_CONSTANT_CONVERSION = YES;
				CLANG_WARN_DEPRECATED_OBJC_IMPLEMENTATIONS = YES;
				CLANG_WARN_DIRECT_OBJC_ISA_USAGE = YES_ERROR;
				CLANG_WARN_DOCUMENTATION_COMMENTS = YES;
				CLANG_WARN_EMPTY_BODY = YES;
				CLANG_WARN_ENUM_CONVERSION = YES;
				CLANG_WARN_INFINITE_RECURSION = YES;
				CLANG_WARN_INT_CONVERSION = YES;
				CLANG_WARN_NON_LITERAL_NULL_CONVERSION = YES;
				CLANG_WARN_OBJC_IMPLICIT_RETAIN_SELF = YES;
				CLANG_WARN_OBJC_LITERAL_CONVERSION = YES;
				CLANG_WARN_OBJC_ROOT_CLASS = YES_ERROR;
				CLANG_WARN_RANGE_LOOP_ANALYSIS = YES;
				CLANG_WARN_STRICT_PROTOTYPES = YES;
				CLANG_WARN_SUSPICIOUS_MOVE = YES;
				CLANG_WARN_UNGUARDED_AVAILABILITY = YES_AGGRESSIVE;
				CLANG_WARN_UNREACHABLE_CODE = YES;
				CLANG_WARN__DUPLICATE_METHOD_MATCH = YES;
				COPY_PHASE_STRIP = NO;
				DEBUG_INFORMATION_FORMAT = dwarf;
				ENABLE_STRICT_OBJC_MSGSEND = YES;
				ENABLE_TESTABILITY = YES;
				GCC_C_LANGUAGE_STANDARD = gnu11;
				GCC_DYNAMIC_NO_PIC = NO;
				GCC_NO_COMMON_BLOCKS = YES;
				GCC_OPTIMIZATION_LEVEL = 0;
				GCC_PREPROCESSOR_DEFINITIONS = (
					"DEBUG=1",
					"$(inherited)",
				);
				GCC_WARN_64_TO_32_BIT_CONVERSION = YES;
				GCC_WARN_ABOUT_RETURN_TYPE = YES_ERROR;
				GCC_WARN_UNDECLARED_SELECTOR = YES;
				GCC_WARN_UNINITIALIZED_AUTOS = YES_AGGRESSIVE;
				GCC_WARN_UNUSED_FUNCTION = YES;
				GCC_WARN_UNUSED_VARIABLE = YES;
				IPHONEOS_DEPLOYMENT_TARGET = 13.0;
				MTL_ENABLE_DEBUG_INFO = INCLUDE_SOURCE;
				MTL_FAST_MATH = YES;
				ONLY_ACTIVE_ARCH = YES;
				SDKROOT = iphoneos;
				SWIFT_ACTIVE_COMPILATION_CONDITIONS = DEBUG;
				SWIFT_OPTIMIZATION_LEVEL = "-Onone";
			};
			name = Debug;
		};
		2D443AAC22DDDBAF00D2F763 /* Release */ = {
			isa = XCBuildConfiguration;
			buildSettings = {
				ALWAYS_SEARCH_USER_PATHS = NO;
				CLANG_ANALYZER_NONNULL = YES;
				CLANG_ANALYZER_NUMBER_OBJECT_CONVERSION = YES_AGGRESSIVE;
				CLANG_CXX_LANGUAGE_STANDARD = "gnu++14";
				CLANG_CXX_LIBRARY = "libc++";
				CLANG_ENABLE_MODULES = YES;
				CLANG_ENABLE_OBJC_ARC = YES;
				CLANG_ENABLE_OBJC_WEAK = YES;
				CLANG_WARN_BLOCK_CAPTURE_AUTORELEASING = YES;
				CLANG_WARN_BOOL_CONVERSION = YES;
				CLANG_WARN_COMMA = YES;
				CLANG_WARN_CONSTANT_CONVERSION = YES;
				CLANG_WARN_DEPRECATED_OBJC_IMPLEMENTATIONS = YES;
				CLANG_WARN_DIRECT_OBJC_ISA_USAGE = YES_ERROR;
				CLANG_WARN_DOCUMENTATION_COMMENTS = YES;
				CLANG_WARN_EMPTY_BODY = YES;
				CLANG_WARN_ENUM_CONVERSION = YES;
				CLANG_WARN_INFINITE_RECURSION = YES;
				CLANG_WARN_INT_CONVERSION = YES;
				CLANG_WARN_NON_LITERAL_NULL_CONVERSION = YES;
				CLANG_WARN_OBJC_IMPLICIT_RETAIN_SELF = YES;
				CLANG_WARN_OBJC_LITERAL_CONVERSION = YES;
				CLANG_WARN_OBJC_ROOT_CLASS = YES_ERROR;
				CLANG_WARN_RANGE_LOOP_ANALYSIS = YES;
				CLANG_WARN_STRICT_PROTOTYPES = YES;
				CLANG_WARN_SUSPICIOUS_MOVE = YES;
				CLANG_WARN_UNGUARDED_AVAILABILITY = YES_AGGRESSIVE;
				CLANG_WARN_UNREACHABLE_CODE = YES;
				CLANG_WARN__DUPLICATE_METHOD_MATCH = YES;
				COPY_PHASE_STRIP = NO;
				DEBUG_INFORMATION_FORMAT = "dwarf-with-dsym";
				ENABLE_NS_ASSERTIONS = NO;
				ENABLE_STRICT_OBJC_MSGSEND = YES;
				GCC_C_LANGUAGE_STANDARD = gnu11;
				GCC_NO_COMMON_BLOCKS = YES;
				GCC_WARN_64_TO_32_BIT_CONVERSION = YES;
				GCC_WARN_ABOUT_RETURN_TYPE = YES_ERROR;
				GCC_WARN_UNDECLARED_SELECTOR = YES;
				GCC_WARN_UNINITIALIZED_AUTOS = YES_AGGRESSIVE;
				GCC_WARN_UNUSED_FUNCTION = YES;
				GCC_WARN_UNUSED_VARIABLE = YES;
				IPHONEOS_DEPLOYMENT_TARGET = 13.0;
				MTL_ENABLE_DEBUG_INFO = NO;
				MTL_FAST_MATH = YES;
				SDKROOT = iphoneos;
				SWIFT_COMPILATION_MODE = wholemodule;
				SWIFT_OPTIMIZATION_LEVEL = "-O";
				VALIDATE_PRODUCT = YES;
			};
			name = Release;
		};
		2D443AAE22DDDBAF00D2F763 /* Debug */ = {
			isa = XCBuildConfiguration;
			buildSettings = {
				ASSETCATALOG_COMPILER_APPICON_NAME = AppIcon;
				CODE_SIGN_STYLE = Automatic;
				INFOPLIST_FILE = SwiftUiIntegrationSample1/Info.plist;
				LD_RUNPATH_SEARCH_PATHS = (
					"$(inherited)",
					"@executable_path/Frameworks",
				);
				PRODUCT_BUNDLE_IDENTIFIER = com.olacabs.SwiftUiIntegrationSample1;
				PRODUCT_NAME = "$(TARGET_NAME)";
				SWIFT_VERSION = 5.0;
				TARGETED_DEVICE_FAMILY = "1,2";
			};
			name = Debug;
		};
		2D443AAF22DDDBAF00D2F763 /* Release */ = {
			isa = XCBuildConfiguration;
			buildSettings = {
				ASSETCATALOG_COMPILER_APPICON_NAME = AppIcon;
				CODE_SIGN_STYLE = Automatic;
				INFOPLIST_FILE = SwiftUiIntegrationSample1/Info.plist;
				LD_RUNPATH_SEARCH_PATHS = (
					"$(inherited)",
					"@executable_path/Frameworks",
				);
				PRODUCT_BUNDLE_IDENTIFIER = com.olacabs.SwiftUiIntegrationSample1;
				PRODUCT_NAME = "$(TARGET_NAME)";
				SWIFT_VERSION = 5.0;
				TARGETED_DEVICE_FAMILY = "1,2";
			};
			name = Release;
		};
/* End XCBuildConfiguration section */

/* Begin XCConfigurationList section */
		2D443A9422DDDBAC00D2F763 /* Build configuration list for PBXProject "SwiftUiIntegrationSample1" */ = {
			isa = XCConfigurationList;
			buildConfigurations = (
				2D443AAB22DDDBAF00D2F763 /* Debug */,
				2D443AAC22DDDBAF00D2F763 /* Release */,
			);
			defaultConfigurationIsVisible = 0;
			defaultConfigurationName = Release;
		};
		2D443AAD22DDDBAF00D2F763 /* Build configuration list for PBXNativeTarget "SwiftUiIntegrationSample1" */ = {
			isa = XCConfigurationList;
			buildConfigurations = (
				2D443AAE22DDDBAF00D2F763 /* Debug */,
				2D443AAF22DDDBAF00D2F763 /* Release */,
			);
			defaultConfigurationIsVisible = 0;
			defaultConfigurationName = Release;
		};
/* End XCConfigurationList section */
	};
	rootObject = 2D443A9122DDDBAC00D2F763 /* Project object */;
}
